
Microsoft Visual Studio Solution File, Format Version 12.00
# Visual Studio Version 17
VisualStudioVersion = 17.14.36811.4
MinimumVisualStudioVersion = 10.0.40219.1
Project("{00D1A9C2-B5F0-4AF3-8072-F6C62B433612}") = "Demo-DB", "Demo-DB\Demo-DB.sqlproj", "{5302115A-1338-4E97-A3DC-E691D24F600D}"
EndProject
Project("{00D1A9C2-B5F0-4AF3-8072-F6C62B433612}") = "Demo-DBSlide", "Demo-DBSlide\Demo-DBSlide.sqlproj", "{4AF70ECE-C682-4347-B3B3-7D09473B82AF}"
EndProject
Global
	GlobalSection(SolutionConfigurationPlatforms) = preSolution
		Debug|Any CPU = Debug|Any CPU
		Release|Any CPU = Release|Any CPU
	EndGlobalSection
	GlobalSection(ProjectConfigurationPlatforms) = postSolution
		{5302115A-1338-4E97-A3DC-E691D24F600D}.Debug|Any CPU.ActiveCfg = Debug|Any CPU
		{5302115A-1338-4E97-A3DC-E691D24F600D}.Debug|Any CPU.Build.0 = Debug|Any CPU
		{5302115A-1338-4E97-A3DC-E691D24F600D}.Debug|Any CPU.Deploy.0 = Debug|Any CPU
		{5302115A-1338-4E97-A3DC-E691D24F600D}.Release|Any CPU.ActiveCfg = Release|Any CPU
		{5302115A-1338-4E97-A3DC-E691D24F600D}.Release|Any CPU.Build.0 = Release|Any CPU
		{5302115A-1338-4E97-A3DC-E691D24F600D}.Release|Any CPU.Deploy.0 = Release|Any CPU
		{4AF70ECE-C682-4347-B3B3-7D09473B82AF}.Debug|Any CPU.ActiveCfg = Debug|Any CPU
		{4AF70ECE-C682-4347-B3B3-7D09473B82AF}.Debug|Any CPU.Build.0 = Debug|Any CPU
		{4AF70ECE-C682-4347-B3B3-7D09473B82AF}.Debug|Any CPU.Deploy.0 = Debug|Any CPU
		{4AF70ECE-C682-4347-B3B3-7D09473B82AF}.Release|Any CPU.ActiveCfg = Release|Any CPU
		{4AF70ECE-C682-4347-B3B3-7D09473B82AF}.Release|Any CPU.Build.0 = Release|Any CPU
		{4AF70ECE-C682-4347-B3B3-7D09473B82AF}.Release|Any CPU.Deploy.0 = Release|Any CPU
	EndGlobalSection
	GlobalSection(SolutionProperties) = preSolution
		HideSolutionNode = FALSE
	EndGlobalSection
	GlobalSection(ExtensibilityGlobals) = postSolution
		SolutionGuid = {BCB80862-2267-4CE5-B113-492B653D681C}
	EndGlobalSection
EndGlobal
