
Microsoft Visual Studio Solution File, Format Version 12.00
# Visual Studio Version 17
VisualStudioVersion = 17.14.36811.4
MinimumVisualStudioVersion = 10.0.40219.1
Project("{00D1A9C2-B5F0-4AF3-8072-F6C62B433612}") = "Demo-DB", "Demo-DB\Demo-DB.sqlproj", "{5302115A-1338-4E97-A3DC-E691D24F600D}"
EndProject
Project("{00D1A9C2-B5F0-4AF3-8072-F6C62B433612}") = "Demo-DBSlide", "Demo-DBSlide\Demo-DBSlide.sqlproj", "{4AF70ECE-C682-4347-B3B3-7D09473B82AF}"
EndProject
Project("{00D1A9C2-B5F0-4AF3-8072-F6C62B433612}") = "ADO", "ADO\ADO.sqlproj", "{9FDE4575-070B-46F7-BA47-CF7A7AE6E157}"
EndProject
Project("{2150E333-8FDC-42A3-9474-1A3956D46DE8}") = "Exercices", "Exercices", "{02EA681E-C7D8-13C7-8484-4AC65E1B71E8}"
EndProject
Project("{2150E333-8FDC-42A3-9474-1A3956D46DE8}") = "Démonstrations", "Démonstrations", "{AFDC555E-608F-44DE-B42E-0B1239839C9D}"
EndProject
Project("{FAE04EC0-301F-11D3-BF4B-00C04F79EFBC}") = "Demo-Ado-01", "Demo-Ado-01\Demo-Ado-01.csproj", "{DDA352F8-D8B4-4221-8EE9-B0DB4A93645D}"
EndProject
Project("{FAE04EC0-301F-11D3-BF4B-00C04F79EFBC}") = "Exo-ADO", "Exo-ADO\Exo-ADO.csproj", "{C9273BC6-51EB-45A0-820C-3CA70E888C63}"
EndProject
Project("{FAE04EC0-301F-11D3-BF4B-00C04F79EFBC}") = "Exo-ADO-02", "Exo-ADO-02\Exo-ADO-02.csproj", "{097EBE18-F021-4922-B3B2-2AF428E06B39}"
EndProject
Project("{FAE04EC0-301F-11D3-BF4B-00C04F79EFBC}") = "Exo-ADO-03", "Exo-ADO-03\Exo-ADO-03.csproj", "{4DBD98C0-D5E2-43DF-9F32-D85CB51D4182}"
EndProject
Project("{FAE04EC0-301F-11D3-BF4B-00C04F79EFBC}") = "Exo-ADO-04", "Exo-ADO-04\Exo-ADO-04.csproj", "{13A0224E-3BBC-4509-9C2C-B2F21448B49A}"
EndProject
Project("{FAE04EC0-301F-11D3-BF4B-00C04F79EFBC}") = "Exo-ADO-05", "Exo-ADO-05\Exo-ADO-05.csproj", "{90E1EE3C-974C-4185-8D51-FF34CB7BDD5A}"
EndProject
Global
	GlobalSection(SolutionConfigurationPlatforms) = preSolution
		Debug|Any CPU = Debug|Any CPU
		Release|Any CPU = Release|Any CPU
	EndGlobalSection
	GlobalSection(ProjectConfigurationPlatforms) = postSolution
		{5302115A-1338-4E97-A3DC-E691D24F600D}.Debug|Any CPU.ActiveCfg = Debug|Any CPU
		{5302115A-1338-4E97-A3DC-E691D24F600D}.Debug|Any CPU.Build.0 = Debug|Any CPU
		{5302115A-1338-4E97-A3DC-E691D24F600D}.Debug|Any CPU.Deploy.0 = Debug|Any CPU
		{5302115A-1338-4E97-A3DC-E691D24F600D}.Release|Any CPU.ActiveCfg = Release|Any CPU
		{5302115A-1338-4E97-A3DC-E691D24F600D}.Release|Any CPU.Build.0 = Release|Any CPU
		{5302115A-1338-4E97-A3DC-E691D24F600D}.Release|Any CPU.Deploy.0 = Release|Any CPU
		{4AF70ECE-C682-4347-B3B3-7D09473B82AF}.Debug|Any CPU.ActiveCfg = Debug|Any CPU
		{4AF70ECE-C682-4347-B3B3-7D09473B82AF}.Debug|Any CPU.Build.0 = Debug|Any CPU
		{4AF70ECE-C682-4347-B3B3-7D09473B82AF}.Debug|Any CPU.Deploy.0 = Debug|Any CPU
		{4AF70ECE-C682-4347-B3B3-7D09473B82AF}.Release|Any CPU.ActiveCfg = Release|Any CPU
		{4AF70ECE-C682-4347-B3B3-7D09473B82AF}.Release|Any CPU.Build.0 = Release|Any CPU
		{4AF70ECE-C682-4347-B3B3-7D09473B82AF}.Release|Any CPU.Deploy.0 = Release|Any CPU
		{9FDE4575-070B-46F7-BA47-CF7A7AE6E157}.Debug|Any CPU.ActiveCfg = Debug|Any CPU
		{9FDE4575-070B-46F7-BA47-CF7A7AE6E157}.Debug|Any CPU.Build.0 = Debug|Any CPU
		{9FDE4575-070B-46F7-BA47-CF7A7AE6E157}.Debug|Any CPU.Deploy.0 = Debug|Any CPU
		{9FDE4575-070B-46F7-BA47-CF7A7AE6E157}.Release|Any CPU.ActiveCfg = Release|Any CPU
		{9FDE4575-070B-46F7-BA47-CF7A7AE6E157}.Release|Any CPU.Build.0 = Release|Any CPU
		{9FDE4575-070B-46F7-BA47-CF7A7AE6E157}.Release|Any CPU.Deploy.0 = Release|Any CPU
		{DDA352F8-D8B4-4221-8EE9-B0DB4A93645D}.Debug|Any CPU.ActiveCfg = Debug|Any CPU
		{DDA352F8-D8B4-4221-8EE9-B0DB4A93645D}.Debug|Any CPU.Build.0 = Debug|Any CPU
		{DDA352F8-D8B4-4221-8EE9-B0DB4A93645D}.Release|Any CPU.ActiveCfg = Release|Any CPU
		{DDA352F8-D8B4-4221-8EE9-B0DB4A93645D}.Release|Any CPU.Build.0 = Release|Any CPU
		{C9273BC6-51EB-45A0-820C-3CA70E888C63}.Debug|Any CPU.ActiveCfg = Debug|Any CPU
		{C9273BC6-51EB-45A0-820C-3CA70E888C63}.Debug|Any CPU.Build.0 = Debug|Any CPU
		{C9273BC6-51EB-45A0-820C-3CA70E888C63}.Release|Any CPU.ActiveCfg = Release|Any CPU
		{C9273BC6-51EB-45A0-820C-3CA70E888C63}.Release|Any CPU.Build.0 = Release|Any CPU
		{097EBE18-F021-4922-B3B2-2AF428E06B39}.Debug|Any CPU.ActiveCfg = Debug|Any CPU
		{097EBE18-F021-4922-B3B2-2AF428E06B39}.Debug|Any CPU.Build.0 = Debug|Any CPU
		{097EBE18-F021-4922-B3B2-2AF428E06B39}.Release|Any CPU.ActiveCfg = Release|Any CPU
		{097EBE18-F021-4922-B3B2-2AF428E06B39}.Release|Any CPU.Build.0 = Release|Any CPU
		{4DBD98C0-D5E2-43DF-9F32-D85CB51D4182}.Debug|Any CPU.ActiveCfg = Debug|Any CPU
		{4DBD98C0-D5E2-43DF-9F32-D85CB51D4182}.Debug|Any CPU.Build.0 = Debug|Any CPU
		{4DBD98C0-D5E2-43DF-9F32-D85CB51D4182}.Release|Any CPU.ActiveCfg = Release|Any CPU
		{4DBD98C0-D5E2-43DF-9F32-D85CB51D4182}.Release|Any CPU.Build.0 = Release|Any CPU
		{13A0224E-3BBC-4509-9C2C-B2F21448B49A}.Debug|Any CPU.ActiveCfg = Debug|Any CPU
		{13A0224E-3BBC-4509-9C2C-B2F21448B49A}.Debug|Any CPU.Build.0 = Debug|Any CPU
		{13A0224E-3BBC-4509-9C2C-B2F21448B49A}.Release|Any CPU.ActiveCfg = Release|Any CPU
		{13A0224E-3BBC-4509-9C2C-B2F21448B49A}.Release|Any CPU.Build.0 = Release|Any CPU
		{90E1EE3C-974C-4185-8D51-FF34CB7BDD5A}.Debug|Any CPU.ActiveCfg = Debug|Any CPU
		{90E1EE3C-974C-4185-8D51-FF34CB7BDD5A}.Debug|Any CPU.Build.0 = Debug|Any CPU
		{90E1EE3C-974C-4185-8D51-FF34CB7BDD5A}.Release|Any CPU.ActiveCfg = Release|Any CPU
		{90E1EE3C-974C-4185-8D51-FF34CB7BDD5A}.Release|Any CPU.Build.0 = Release|Any CPU
	EndGlobalSection
	GlobalSection(SolutionProperties) = preSolution
		HideSolutionNode = FALSE
	EndGlobalSection
	GlobalSection(NestedProjects) = preSolution
		{5302115A-1338-4E97-A3DC-E691D24F600D} = {AFDC555E-608F-44DE-B42E-0B1239839C9D}
		{4AF70ECE-C682-4347-B3B3-7D09473B82AF} = {AFDC555E-608F-44DE-B42E-0B1239839C9D}
		{9FDE4575-070B-46F7-BA47-CF7A7AE6E157} = {02EA681E-C7D8-13C7-8484-4AC65E1B71E8}
		{DDA352F8-D8B4-4221-8EE9-B0DB4A93645D} = {AFDC555E-608F-44DE-B42E-0B1239839C9D}
		{C9273BC6-51EB-45A0-820C-3CA70E888C63} = {02EA681E-C7D8-13C7-8484-4AC65E1B71E8}
		{097EBE18-F021-4922-B3B2-2AF428E06B39} = {02EA681E-C7D8-13C7-8484-4AC65E1B71E8}
		{4DBD98C0-D5E2-43DF-9F32-D85CB51D4182} = {02EA681E-C7D8-13C7-8484-4AC65E1B71E8}
		{13A0224E-3BBC-4509-9C2C-B2F21448B49A} = {02EA681E-C7D8-13C7-8484-4AC65E1B71E8}
		{90E1EE3C-974C-4185-8D51-FF34CB7BDD5A} = {02EA681E-C7D8-13C7-8484-4AC65E1B71E8}
	EndGlobalSection
	GlobalSection(ExtensibilityGlobals) = postSolution
		SolutionGuid = {BCB80862-2267-4CE5-B113-492B653D681C}
	EndGlobalSection
EndGlobal
